
Microsoft Visual Studio Solution File, Format Version 12.00
# Visual Studio Version 16
VisualStudioVersion = 16.0.31424.327
MinimumVisualStudioVersion = 10.0.40219.1
Project("{FAE04EC0-301F-11D3-BF4B-00C04F79EFBC}") = "FloorPlan", "FloorPlan.csproj", "{474FB6BB-5435-4007-97DD-925F03B8848B}"
EndProject
Global
	GlobalSection(SolutionConfigurationPlatforms) = preSolution
		Debug|Any CPU = Debug|Any CPU
		Release|Any CPU = Release|Any CPU
	EndGlobalSection
	GlobalSection(ProjectConfigurationPlatforms) = postSolution
		{474FB6BB-5435-4007-97DD-925F03B8848B}.Debug|Any CPU.ActiveCfg = Debug|Any CPU
		{474FB6BB-5435-4007-97DD-925F03B8848B}.Debug|Any CPU.Build.0 = Debug|Any CPU
		{474FB6BB-5435-4007-97DD-925F03B8848B}.Release|Any CPU.ActiveCfg = Release|Any CPU
		{474FB6BB-5435-4007-97DD-925F03B8848B}.Release|Any CPU.Build.0 = Release|Any CPU
	EndGlobalSection
	GlobalSection(SolutionProperties) = preSolution
		HideSolutionNode = FALSE
	EndGlobalSection
	GlobalSection(ExtensibilityGlobals) = postSolution
		SolutionGuid = {B9CB0812-8DCE-4607-9E21-41EC1941C42F}
	EndGlobalSection
EndGlobal
